[root]
name = "todo-backend"
version = "0.0.1"
dependencies = [
 "nickel 0.1.0 (git+https://github.com/Ryman/nickel.rs.git?ref=temp_http#71c0b2b57127443bbb7ea67f3976bf86b205322c)",
]

[[package]]
name = "anymap"
version = "0.9.0"
source = "git+https://github.com/chris-morgan/anymap.git#512885e502985a30a5b64e881f6f3af5a901d301"

[[package]]
name = "encoding"
version = "0.1.0"
source = "git+https://github.com/lifthrasiir/rust-encoding#ff55916fec8b5bf8667a74d5a060c8c951f28fe0"

[[package]]
name = "groupable"
version = "0.1.0"
source = "git+https://github.com/Ryman/groupable-rs#ae2a086edb0b10a7e5f143405d072871e75a118e"

[[package]]
name = "http"
version = "0.1.0-pre"
source = "git+https://github.com/ljrmorgan/rust-http.git#3b4dfbc9b2cbcbb3ea5cdcd8601258ac03f2cfa5"
dependencies = [
 "openssl 0.0.0 (git+https://github.com/sfackler/rust-openssl.git#c407530daeb0380edc22d45e6af7209911068607)",
 "url 0.1.0 (git+https://github.com/servo/rust-url.git#55b18b796ef2cef5490069dd450c60c2cc2c0c1b)",
]

[[package]]
name = "nickel"
version = "0.1.0"
source = "git+https://github.com/Ryman/nickel.rs.git?ref=temp_http#71c0b2b57127443bbb7ea67f3976bf86b205322c"
dependencies = [
 "anymap 0.9.0 (git+https://github.com/chris-morgan/anymap.git#512885e502985a30a5b64e881f6f3af5a901d301)",
 "groupable 0.1.0 (git+https://github.com/Ryman/groupable-rs#ae2a086edb0b10a7e5f143405d072871e75a118e)",
 "http 0.1.0-pre (git+https://github.com/ljrmorgan/rust-http.git#3b4dfbc9b2cbcbb3ea5cdcd8601258ac03f2cfa5)",
 "nickel_macros 0.0.1 (git+https://github.com/Ryman/nickel.rs.git?ref=temp_http#71c0b2b57127443bbb7ea67f3976bf86b205322c)",
 "rust-mustache 0.3.0 (git+https://github.com/pythonesque/rust-mustache.git#af44dbee522ea1eec931fbc9946c7621b754c126)",
 "url 0.1.0 (git+https://github.com/servo/rust-url.git#55b18b796ef2cef5490069dd450c60c2cc2c0c1b)",
]

[[package]]
name = "nickel_macros"
version = "0.0.1"
source = "git+https://github.com/Ryman/nickel.rs.git?ref=temp_http#71c0b2b57127443bbb7ea67f3976bf86b205322c"

[[package]]
name = "openssl"
version = "0.0.0"
source = "git+https://github.com/sfackler/rust-openssl.git#c407530daeb0380edc22d45e6af7209911068607"

[[package]]
name = "rust-mustache"
version = "0.3.0"
source = "git+https://github.com/pythonesque/rust-mustache.git#af44dbee522ea1eec931fbc9946c7621b754c126"

[[package]]
name = "url"
version = "0.1.0"
source = "git+https://github.com/servo/rust-url.git#55b18b796ef2cef5490069dd450c60c2cc2c0c1b"
dependencies = [
 "encoding 0.1.0 (git+https://github.com/lifthrasiir/rust-encoding#ff55916fec8b5bf8667a74d5a060c8c951f28fe0)",
]

